
Microsoft Visual Studio Solution File, Format Version 12.00
# Visual Studio Version 16
VisualStudioVersion = 16.0.31129.286
MinimumVisualStudioVersion = 10.0.40219.1
Project("{9A19103F-16F7-4668-BE54-9A1E7A4F7556}") = "ElectricalComputingSystem", "MyEM3Machine\ElectricalComputingSystem.csproj", "{B5421062-8C12-4508-9E9A-D4326437628E}"
EndProject
Global
	GlobalSection(SolutionConfigurationPlatforms) = preSolution
		Debug|Any CPU = Debug|Any CPU
		Release|Any CPU = Release|Any CPU
	EndGlobalSection
	GlobalSection(ProjectConfigurationPlatforms) = postSolution
		{B5421062-8C12-4508-9E9A-D4326437628E}.Debug|Any CPU.ActiveCfg = Debug|Any CPU
		{B5421062-8C12-4508-9E9A-D4326437628E}.Debug|Any CPU.Build.0 = Debug|Any CPU
		{B5421062-8C12-4508-9E9A-D4326437628E}.Release|Any CPU.ActiveCfg = Release|Any CPU
		{B5421062-8C12-4508-9E9A-D4326437628E}.Release|Any CPU.Build.0 = Release|Any CPU
	EndGlobalSection
	GlobalSection(SolutionProperties) = preSolution
		HideSolutionNode = FALSE
	EndGlobalSection
	GlobalSection(ExtensibilityGlobals) = postSolution
		SolutionGuid = {5C45CECE-C5FA-4772-8B11-5994248C2B77}
	EndGlobalSection
EndGlobal
